
Microsoft Visual Studio Solution File, Format Version 12.00
# Visual Studio 15
Project("{8BC9CEB8-8B4A-11D0-8D11-00A0C91BC942}") = "dx12_framework", "dx12_framework.vcxproj", "{310A0520-1DD8-F825-066C-694CF2D8D48A}"
EndProject
Global
	GlobalSection(SolutionConfigurationPlatforms) = preSolution
		Debug|Win32 = Debug|Win32
		Release|Win32 = Release|Win32
	EndGlobalSection
	GlobalSection(ProjectConfigurationPlatforms) = postSolution
		{310A0520-1DD8-F825-066C-694CF2D8D48A}.Debug|Win32.ActiveCfg = Debug|Win32
		{310A0520-1DD8-F825-066C-694CF2D8D48A}.Debug|Win32.Build.0 = Debug|Win32
		{310A0520-1DD8-F825-066C-694CF2D8D48A}.Release|Win32.ActiveCfg = Release|Win32
		{310A0520-1DD8-F825-066C-694CF2D8D48A}.Release|Win32.Build.0 = Release|Win32
	EndGlobalSection
	GlobalSection(SolutionProperties) = preSolution
		HideSolutionNode = FALSE
	EndGlobalSection
EndGlobal
